hash: cb6ed094a31570b0029f2d160d1305a03f5897cad3510244e38d70a0c2fcbbf7
updated: 2017-01-22T19:38:41.69119592+01:00
imports:
- name: github.com/inconshreveable/mousetrap
  version: 76626ae9c91c4f2a10f34cad8ce83ea42c93bb75
- name: github.com/spf13/cobra
  version: 37c3f8060359192150945916cbc2d72bce804b4d
- name: github.com/spf13/pflag
  version: 103ce5cd2042f2fe629c1957abb64ab3e7f50235
testImports: []
